
Microsoft Visual Studio Solution File, Format Version 12.00
# Visual Studio Version 17
VisualStudioVersion = 17.9.34607.119
MinimumVisualStudioVersion = 10.0.40219.1
Project("{9A19103F-16F7-4668-BE54-9A1E7A4F7556}") = "Blazor.Cherrydown", "Blazor.Cherrydown\Blazor.Cherrydown.csproj", "{A76EAABE-E610-4AA0-A148-E05FB75CCA93}"
EndProject
Project("{FAE04EC0-301F-11D3-BF4B-00C04F79EFBC}") = "Blazor.Cherrydown.Sample", "Blazor.Cherrydown.Sample\Blazor.Cherrydown.Sample.csproj", "{D65CB639-8B09-42E1-AC0D-DD65963FD6EB}"
EndProject
Global
	GlobalSection(SolutionConfigurationPlatforms) = preSolution
		Debug|Any CPU = Debug|Any CPU
		Release|Any CPU = Release|Any CPU
	EndGlobalSection
	GlobalSection(ProjectConfigurationPlatforms) = postSolution
		{A76EAABE-E610-4AA0-A148-E05FB75CCA93}.Debug|Any CPU.ActiveCfg = Debug|Any CPU
		{A76EAABE-E610-4AA0-A148-E05FB75CCA93}.Debug|Any CPU.Build.0 = Debug|Any CPU
		{A76EAABE-E610-4AA0-A148-E05FB75CCA93}.Release|Any CPU.ActiveCfg = Release|Any CPU
		{A76EAABE-E610-4AA0-A148-E05FB75CCA93}.Release|Any CPU.Build.0 = Release|Any CPU
		{D65CB639-8B09-42E1-AC0D-DD65963FD6EB}.Debug|Any CPU.ActiveCfg = Debug|Any CPU
		{D65CB639-8B09-42E1-AC0D-DD65963FD6EB}.Debug|Any CPU.Build.0 = Debug|Any CPU
		{D65CB639-8B09-42E1-AC0D-DD65963FD6EB}.Release|Any CPU.ActiveCfg = Release|Any CPU
		{D65CB639-8B09-42E1-AC0D-DD65963FD6EB}.Release|Any CPU.Build.0 = Release|Any CPU
	EndGlobalSection
	GlobalSection(SolutionProperties) = preSolution
		HideSolutionNode = FALSE
	EndGlobalSection
	GlobalSection(ExtensibilityGlobals) = postSolution
		SolutionGuid = {05E132BA-DC63-49CE-B916-7A7944741896}
	EndGlobalSection
EndGlobal
